// !$*UTF8*$!
{
	archiveVersion = 1;
	classes = {
	};
	objectVersion = 56;
	objects = {

/* Begin PBXBuildFile section */
		0D1C68D9299DA824001E4C79 /* CaligoAppApp.swift in Sources */ = {isa = PBXBuildFile; fileRef = 0D1C68D8299DA824001E4C79 /* CaligoAppApp.swift */; };
		0D1C68DB299DA824001E4C79 /* ContentView.swift in Sources */ = {isa = PBXBuildFile; fileRef = 0D1C68DA299DA824001E4C79 /* ContentView.swift */; };
		0D1C68DD299DA825001E4C79 /* Assets.xcassets in Resources */ = {isa = PBXBuildFile; fileRef = 0D1C68DC299DA825001E4C79 /* Assets.xcassets */; };
		0D1C68E0299DA825001E4C79 /* Preview Assets.xcassets in Resources */ = {isa = PBXBuildFile; fileRef = 0D1C68DF299DA825001E4C79 /* Preview Assets.xcassets */; };
		0D1C68EB299DA8CD001E4C79 /* LoginView.swift in Sources */ = {isa = PBXBuildFile; fileRef = 0D1C68EA299DA8CD001E4C79 /* LoginView.swift */; };
		0D1C68ED299DDFBF001E4C79 /* SignInPartial.swift in Sources */ = {isa = PBXBuildFile; fileRef = 0D1C68EC299DDFBF001E4C79 /* SignInPartial.swift */; };
		0D1C68EF299DFB8B001E4C79 /* SignUpPartial.swift in Sources */ = {isa = PBXBuildFile; fileRef = 0D1C68EE299DFB8B001E4C79 /* SignUpPartial.swift */; };
		0D1C68F3299EA623001E4C79 /* SignBySocialMediaPartial.swift in Sources */ = {isa = PBXBuildFile; fileRef = 0D1C68F2299EA623001E4C79 /* SignBySocialMediaPartial.swift */; };
		0D1C68F5299EEA4C001E4C79 /* SwiftUIView.swift in Sources */ = {isa = PBXBuildFile; fileRef = 0D1C68F4299EEA4C001E4C79 /* SwiftUIView.swift */; };
		0D1C68F9299EFB81001E4C79 /* IconComponent.swift in Sources */ = {isa = PBXBuildFile; fileRef = 0D1C68F8299EFB81001E4C79 /* IconComponent.swift */; };
		0D1C68FB299EFD26001E4C79 /* TextFieldComponent.swift in Sources */ = {isa = PBXBuildFile; fileRef = 0D1C68FA299EFD26001E4C79 /* TextFieldComponent.swift */; };
		0D1C68FD299EFF18001E4C79 /* SecureFieldComponent.swift in Sources */ = {isa = PBXBuildFile; fileRef = 0D1C68FC299EFF18001E4C79 /* SecureFieldComponent.swift */; };
		0D867F6A29A04C7100E13663 /* Shake.swift in Sources */ = {isa = PBXBuildFile; fileRef = 0D867F6929A04C7100E13663 /* Shake.swift */; };
/* End PBXBuildFile section */

/* Begin PBXFileReference section */
		0D1C68D5299DA824001E4C79 /* CaligoApp.app */ = {isa = PBXFileReference; explicitFileType = wrapper.application; includeInIndex = 0; path = CaligoApp.app; sourceTree = BUILT_PRODUCTS_DIR; };
		0D1C68D8299DA824001E4C79 /* CaligoAppApp.swift */ = {isa = PBXFileReference; lastKnownFileType = sourcecode.swift; path = CaligoAppApp.swift; sourceTree = "<group>"; };
		0D1C68DA299DA824001E4C79 /* ContentView.swift */ = {isa = PBXFileReference; lastKnownFileType = sourcecode.swift; path = ContentView.swift; sourceTree = "<group>"; };
		0D1C68DC299DA825001E4C79 /* Assets.xcassets */ = {isa = PBXFileReference; lastKnownFileType = folder.assetcatalog; path = Assets.xcassets; sourceTree = "<group>"; };
		0D1C68DF299DA825001E4C79 /* Preview Assets.xcassets */ = {isa = PBXFileReference; lastKnownFileType = folder.assetcatalog; path = "Preview Assets.xcassets"; sourceTree = "<group>"; };
		0D1C68EA299DA8CD001E4C79 /* LoginView.swift */ = {isa = PBXFileReference; lastKnownFileType = sourcecode.swift; path = LoginView.swift; sourceTree = "<group>"; };
		0D1C68EC299DDFBF001E4C79 /* SignInPartial.swift */ = {isa = PBXFileReference; lastKnownFileType = sourcecode.swift; path = SignInPartial.swift; sourceTree = "<group>"; };
		0D1C68EE299DFB8B001E4C79 /* SignUpPartial.swift */ = {isa = PBXFileReference; lastKnownFileType = sourcecode.swift; path = SignUpPartial.swift; sourceTree = "<group>"; };
		0D1C68F2299EA623001E4C79 /* SignBySocialMediaPartial.swift */ = {isa = PBXFileReference; lastKnownFileType = sourcecode.swift; path = SignBySocialMediaPartial.swift; sourceTree = "<group>"; };
		0D1C68F4299EEA4C001E4C79 /* SwiftUIView.swift */ = {isa = PBXFileReference; lastKnownFileType = sourcecode.swift; path = SwiftUIView.swift; sourceTree = "<group>"; };
		0D1C68F8299EFB81001E4C79 /* IconComponent.swift */ = {isa = PBXFileReference; lastKnownFileType = sourcecode.swift; path = IconComponent.swift; sourceTree = "<group>"; };
		0D1C68FA299EFD26001E4C79 /* TextFieldComponent.swift */ = {isa = PBXFileReference; lastKnownFileType = sourcecode.swift; path = TextFieldComponent.swift; sourceTree = "<group>"; };
		0D1C68FC299EFF18001E4C79 /* SecureFieldComponent.swift */ = {isa = PBXFileReference; lastKnownFileType = sourcecode.swift; path = SecureFieldComponent.swift; sourceTree = "<group>"; };
		0D867F6929A04C7100E13663 /* Shake.swift */ = {isa = PBXFileReference; lastKnownFileType = sourcecode.swift; path = Shake.swift; sourceTree = "<group>"; };
/* End PBXFileReference section */

/* Begin PBXFrameworksBuildPhase section */
		0D1C68D2299DA824001E4C79 /* Frameworks */ = {
			isa = PBXFrameworksBuildPhase;
			buildActionMask = 2147483647;
			files = (
			);
			runOnlyForDeploymentPostprocessing = 0;
		};
/* End PBXFrameworksBuildPhase section */

/* Begin PBXGroup section */
		0D1C68CC299DA824001E4C79 = {
			isa = PBXGroup;
			children = (
				0D1C68D7299DA824001E4C79 /* CaligoApp */,
				0D1C68D6299DA824001E4C79 /* Products */,
			);
			sourceTree = "<group>";
		};
		0D1C68D6299DA824001E4C79 /* Products */ = {
			isa = PBXGroup;
			children = (
				0D1C68D5299DA824001E4C79 /* CaligoApp.app */,
			);
			name = Products;
			sourceTree = "<group>";
		};
		0D1C68D7299DA824001E4C79 /* CaligoApp */ = {
			isa = PBXGroup;
			children = (
				0D867F6829A04C3200E13663 /* Helpers */,
				0D1C68E8299DA871001E4C79 /* Views */,
				0D1C68E7299DA85E001E4C79 /* ViewModels */,
				0D1C68E6299DA851001E4C79 /* Models */,
				0D1C68D8299DA824001E4C79 /* CaligoAppApp.swift */,
				0D1C68DA299DA824001E4C79 /* ContentView.swift */,
				0D1C68DC299DA825001E4C79 /* Assets.xcassets */,
				0D1C68DE299DA825001E4C79 /* Preview Content */,
			);
			path = CaligoApp;
			sourceTree = "<group>";
		};
		0D1C68DE299DA825001E4C79 /* Preview Content */ = {
			isa = PBXGroup;
			children = (
				0D1C68DF299DA825001E4C79 /* Preview Assets.xcassets */,
			);
			path = "Preview Content";
			sourceTree = "<group>";
		};
		0D1C68E6299DA851001E4C79 /* Models */ = {
			isa = PBXGroup;
			children = (
			);
			path = Models;
			sourceTree = "<group>";
		};
		0D1C68E7299DA85E001E4C79 /* ViewModels */ = {
			isa = PBXGroup;
			children = (
			);
			path = ViewModels;
			sourceTree = "<group>";
		};
		0D1C68E8299DA871001E4C79 /* Views */ = {
			isa = PBXGroup;
			children = (
				0D1C68E9299DA8AF001E4C79 /* Login */,
			);
			path = Views;
			sourceTree = "<group>";
		};
		0D1C68E9299DA8AF001E4C79 /* Login */ = {
			isa = PBXGroup;
			children = (
				0D1C68F7299EFA9E001E4C79 /* Components */,
				0D1C68F6299EFA80001E4C79 /* Partials */,
				0D1C68EA299DA8CD001E4C79 /* LoginView.swift */,
				0D1C68F4299EEA4C001E4C79 /* SwiftUIView.swift */,
			);
			path = Login;
			sourceTree = "<group>";
		};
		0D1C68F6299EFA80001E4C79 /* Partials */ = {
			isa = PBXGroup;
			children = (
				0D1C68F2299EA623001E4C79 /* SignBySocialMediaPartial.swift */,
				0D1C68EE299DFB8B001E4C79 /* SignUpPartial.swift */,
				0D1C68EC299DDFBF001E4C79 /* SignInPartial.swift */,
			);
			path = Partials;
			sourceTree = "<group>";
		};
		0D1C68F7299EFA9E001E4C79 /* Components */ = {
			isa = PBXGroup;
			children = (
				0D1C68F8299EFB81001E4C79 /* IconComponent.swift */,
				0D1C68FA299EFD26001E4C79 /* TextFieldComponent.swift */,
				0D1C68FC299EFF18001E4C79 /* SecureFieldComponent.swift */,
			);
			path = Components;
			sourceTree = "<group>";
		};
		0D867F6829A04C3200E13663 /* Helpers */ = {
			isa = PBXGroup;
			children = (
				0D867F6929A04C7100E13663 /* Shake.swift */,
			);
			path = Helpers;
			sourceTree = "<group>";
		};
/* End PBXGroup section */

/* Begin PBXNativeTarget section */
		0D1C68D4299DA824001E4C79 /* CaligoApp */ = {
			isa = PBXNativeTarget;
			buildConfigurationList = 0D1C68E3299DA825001E4C79 /* Build configuration list for PBXNativeTarget "CaligoApp" */;
			buildPhases = (
				0D1C68D1299DA824001E4C79 /* Sources */,
				0D1C68D2299DA824001E4C79 /* Frameworks */,
				0D1C68D3299DA824001E4C79 /* Resources */,
			);
			buildRules = (
			);
			dependencies = (
			);
			name = CaligoApp;
			productName = CaligoApp;
			productReference = 0D1C68D5299DA824001E4C79 /* CaligoApp.app */;
			productType = "com.apple.product-type.application";
		};
/* End PBXNativeTarget section */

/* Begin PBXProject section */
		0D1C68CD299DA824001E4C79 /* Project object */ = {
			isa = PBXProject;
			attributes = {
				BuildIndependentTargetsInParallel = 1;
				LastSwiftUpdateCheck = 1420;
				LastUpgradeCheck = 1420;
				TargetAttributes = {
					0D1C68D4299DA824001E4C79 = {
						CreatedOnToolsVersion = 14.2;
					};
				};
			};
			buildConfigurationList = 0D1C68D0299DA824001E4C79 /* Build configuration list for PBXProject "CaligoApp" */;
			compatibilityVersion = "Xcode 14.0";
			developmentRegion = en;
			hasScannedForEncodings = 0;
			knownRegions = (
				en,
				Base,
			);
			mainGroup = 0D1C68CC299DA824001E4C79;
			productRefGroup = 0D1C68D6299DA824001E4C79 /* Products */;
			projectDirPath = "";
			projectRoot = "";
			targets = (
				0D1C68D4299DA824001E4C79 /* CaligoApp */,
			);
		};
/* End PBXProject section */

/* Begin PBXResourcesBuildPhase section */
		0D1C68D3299DA824001E4C79 /* Resources */ = {
			isa = PBXResourcesBuildPhase;
			buildActionMask = 2147483647;
			files = (
				0D1C68E0299DA825001E4C79 /* Preview Assets.xcassets in Resources */,
				0D1C68DD299DA825001E4C79 /* Assets.xcassets in Resources */,
			);
			runOnlyForDeploymentPostprocessing = 0;
		};
/* End PBXResourcesBuildPhase section */

/* Begin PBXSourcesBuildPhase section */
		0D1C68D1299DA824001E4C79 /* Sources */ = {
			isa = PBXSourcesBuildPhase;
			buildActionMask = 2147483647;
			files = (
				0D1C68EB299DA8CD001E4C79 /* LoginView.swift in Sources */,
				0D1C68F5299EEA4C001E4C79 /* SwiftUIView.swift in Sources */,
				0D1C68F9299EFB81001E4C79 /* IconComponent.swift in Sources */,
				0D867F6A29A04C7100E13663 /* Shake.swift in Sources */,
				0D1C68F3299EA623001E4C79 /* SignBySocialMediaPartial.swift in Sources */,
				0D1C68DB299DA824001E4C79 /* ContentView.swift in Sources */,
				0D1C68D9299DA824001E4C79 /* CaligoAppApp.swift in Sources */,
				0D1C68ED299DDFBF001E4C79 /* SignInPartial.swift in Sources */,
				0D1C68FD299EFF18001E4C79 /* SecureFieldComponent.swift in Sources */,
				0D1C68FB299EFD26001E4C79 /* TextFieldComponent.swift in Sources */,
				0D1C68EF299DFB8B001E4C79 /* SignUpPartial.swift in Sources */,
			);
			runOnlyForDeploymentPostprocessing = 0;
		};
/* End PBXSourcesBuildPhase section */

/* Begin XCBuildConfiguration section */
		0D1C68E1299DA825001E4C79 /* Debug */ = {
			isa = XCBuildConfiguration;
			buildSettings = {
				ALWAYS_SEARCH_USER_PATHS = NO;
				CLANG_ANALYZER_NONNULL = YES;
				CLANG_ANALYZER_NUMBER_OBJECT_CONVERSION = YES_AGGRESSIVE;
				CLANG_CXX_LANGUAGE_STANDARD = "gnu++20";
				CLANG_ENABLE_MODULES = YES;
				CLANG_ENABLE_OBJC_ARC = YES;
				CLANG_ENABLE_OBJC_WEAK = YES;
				CLANG_WARN_BLOCK_CAPTURE_AUTORELEASING = YES;
				CLANG_WARN_BOOL_CONVERSION = YES;
				CLANG_WARN_COMMA = YES;
				CLANG_WARN_CONSTANT_CONVERSION = YES;
				CLANG_WARN_DEPRECATED_OBJC_IMPLEMENTATIONS = YES;
				CLANG_WARN_DIRECT_OBJC_ISA_USAGE = YES_ERROR;
				CLANG_WARN_DOCUMENTATION_COMMENTS = YES;
				CLANG_WARN_EMPTY_BODY = YES;
				CLANG_WARN_ENUM_CONVERSION = YES;
				CLANG_WARN_INFINITE_RECURSION = YES;
				CLANG_WARN_INT_CONVERSION = YES;
				CLANG_WARN_NON_LITERAL_NULL_CONVERSION = YES;
				CLANG_WARN_OBJC_IMPLICIT_RETAIN_SELF = YES;
				CLANG_WARN_OBJC_LITERAL_CONVERSION = YES;
				CLANG_WARN_OBJC_ROOT_CLASS = YES_ERROR;
				CLANG_WARN_QUOTED_INCLUDE_IN_FRAMEWORK_HEADER = YES;
				CLANG_WARN_RANGE_LOOP_ANALYSIS = YES;
				CLANG_WARN_STRICT_PROTOTYPES = YES;
				CLANG_WARN_SUSPICIOUS_MOVE = YES;
				CLANG_WARN_UNGUARDED_AVAILABILITY = YES_AGGRESSIVE;
				CLANG_WARN_UNREACHABLE_CODE = YES;
				CLANG_WARN__DUPLICATE_METHOD_MATCH = YES;
				COPY_PHASE_STRIP = NO;
				DEBUG_INFORMATION_FORMAT = dwarf;
				ENABLE_STRICT_OBJC_MSGSEND = YES;
				ENABLE_TESTABILITY = YES;
				GCC_C_LANGUAGE_STANDARD = gnu11;
				GCC_DYNAMIC_NO_PIC = NO;
				GCC_NO_COMMON_BLOCKS = YES;
				GCC_OPTIMIZATION_LEVEL = 0;
				GCC_PREPROCESSOR_DEFINITIONS = (
					"DEBUG=1",
					"$(inherited)",
				);
				GCC_WARN_64_TO_32_BIT_CONVERSION = YES;
				GCC_WARN_ABOUT_RETURN_TYPE = YES_ERROR;
				GCC_WARN_UNDECLARED_SELECTOR = YES;
				GCC_WARN_UNINITIALIZED_AUTOS = YES_AGGRESSIVE;
				GCC_WARN_UNUSED_FUNCTION = YES;
				GCC_WARN_UNUSED_VARIABLE = YES;
				IPHONEOS_DEPLOYMENT_TARGET = 16.2;
				MTL_ENABLE_DEBUG_INFO = INCLUDE_SOURCE;
				MTL_FAST_MATH = YES;
				ONLY_ACTIVE_ARCH = YES;
				SDKROOT = iphoneos;
				SWIFT_ACTIVE_COMPILATION_CONDITIONS = DEBUG;
				SWIFT_OPTIMIZATION_LEVEL = "-Onone";
			};
			name = Debug;
		};
		0D1C68E2299DA825001E4C79 /* Release */ = {
			isa = XCBuildConfiguration;
			buildSettings = {
				ALWAYS_SEARCH_USER_PATHS = NO;
				CLANG_ANALYZER_NONNULL = YES;
				CLANG_ANALYZER_NUMBER_OBJECT_CONVERSION = YES_AGGRESSIVE;
				CLANG_CXX_LANGUAGE_STANDARD = "gnu++20";
				CLANG_ENABLE_MODULES = YES;
				CLANG_ENABLE_OBJC_ARC = YES;
				CLANG_ENABLE_OBJC_WEAK = YES;
				CLANG_WARN_BLOCK_CAPTURE_AUTORELEASING = YES;
				CLANG_WARN_BOOL_CONVERSION = YES;
				CLANG_WARN_COMMA = YES;
				CLANG_WARN_CONSTANT_CONVERSION = YES;
				CLANG_WARN_DEPRECATED_OBJC_IMPLEMENTATIONS = YES;
				CLANG_WARN_DIRECT_OBJC_ISA_USAGE = YES_ERROR;
				CLANG_WARN_DOCUMENTATION_COMMENTS = YES;
				CLANG_WARN_EMPTY_BODY = YES;
				CLANG_WARN_ENUM_CONVERSION = YES;
				CLANG_WARN_INFINITE_RECURSION = YES;
				CLANG_WARN_INT_CONVERSION = YES;
				CLANG_WARN_NON_LITERAL_NULL_CONVERSION = YES;
				CLANG_WARN_OBJC_IMPLICIT_RETAIN_SELF = YES;
				CLANG_WARN_OBJC_LITERAL_CONVERSION = YES;
				CLANG_WARN_OBJC_ROOT_CLASS = YES_ERROR;
				CLANG_WARN_QUOTED_INCLUDE_IN_FRAMEWORK_HEADER = YES;
				CLANG_WARN_RANGE_LOOP_ANALYSIS = YES;
				CLANG_WARN_STRICT_PROTOTYPES = YES;
				CLANG_WARN_SUSPICIOUS_MOVE = YES;
				CLANG_WARN_UNGUARDED_AVAILABILITY = YES_AGGRESSIVE;
				CLANG_WARN_UNREACHABLE_CODE = YES;
				CLANG_WARN__DUPLICATE_METHOD_MATCH = YES;
				COPY_PHASE_STRIP = NO;
				DEBUG_INFORMATION_FORMAT = "dwarf-with-dsym";
				ENABLE_NS_ASSERTIONS = NO;
				ENABLE_STRICT_OBJC_MSGSEND = YES;
				GCC_C_LANGUAGE_STANDARD = gnu11;
				GCC_NO_COMMON_BLOCKS = YES;
				GCC_WARN_64_TO_32_BIT_CONVERSION = YES;
				GCC_WARN_ABOUT_RETURN_TYPE = YES_ERROR;
				GCC_WARN_UNDECLARED_SELECTOR = YES;
				GCC_WARN_UNINITIALIZED_AUTOS = YES_AGGRESSIVE;
				GCC_WARN_UNUSED_FUNCTION = YES;
				GCC_WARN_UNUSED_VARIABLE = YES;
				IPHONEOS_DEPLOYMENT_TARGET = 16.2;
				MTL_ENABLE_DEBUG_INFO = NO;
				MTL_FAST_MATH = YES;
				SDKROOT = iphoneos;
				SWIFT_COMPILATION_MODE = wholemodule;
				SWIFT_OPTIMIZATION_LEVEL = "-O";
				VALIDATE_PRODUCT = YES;
			};
			name = Release;
		};
		0D1C68E4299DA825001E4C79 /* Debug */ = {
			isa = XCBuildConfiguration;
			buildSettings = {
				ASSETCATALOG_COMPILER_APPICON_NAME = AppIcon;
				ASSETCATALOG_COMPILER_GLOBAL_ACCENT_COLOR_NAME = AccentColor;
				CODE_SIGN_STYLE = Automatic;
				CURRENT_PROJECT_VERSION = 1;
				DEVELOPMENT_ASSET_PATHS = "\"CaligoApp/Preview Content\"";
				DEVELOPMENT_TEAM = 5QF464L5ZA;
				ENABLE_PREVIEWS = YES;
				GENERATE_INFOPLIST_FILE = YES;
				INFOPLIST_KEY_UIApplicationSceneManifest_Generation = YES;
				INFOPLIST_KEY_UIApplicationSupportsIndirectInputEvents = YES;
				INFOPLIST_KEY_UILaunchScreen_Generation = YES;
				INFOPLIST_KEY_UISupportedInterfaceOrientations_iPad = "UIInterfaceOrientationPortrait UIInterfaceOrientationPortraitUpsideDown UIInterfaceOrientationLandscapeLeft UIInterfaceOrientationLandscapeRight";
				INFOPLIST_KEY_UISupportedInterfaceOrientations_iPhone = "UIInterfaceOrientationPortrait UIInterfaceOrientationLandscapeLeft UIInterfaceOrientationLandscapeRight";
				LD_RUNPATH_SEARCH_PATHS = (
					"$(inherited)",
					"@executable_path/Frameworks",
				);
				MARKETING_VERSION = 1.0;
				PRODUCT_BUNDLE_IDENTIFIER = com.freddDev.CaligoApp;
				PRODUCT_NAME = "$(TARGET_NAME)";
				SWIFT_EMIT_LOC_STRINGS = YES;
				SWIFT_VERSION = 5.0;
				TARGETED_DEVICE_FAMILY = "1,2";
			};
			name = Debug;
		};
		0D1C68E5299DA825001E4C79 /* Release */ = {
			isa = XCBuildConfiguration;
			buildSettings = {
				ASSETCATALOG_COMPILER_APPICON_NAME = AppIcon;
				ASSETCATALOG_COMPILER_GLOBAL_ACCENT_COLOR_NAME = AccentColor;
				CODE_SIGN_STYLE = Automatic;
				CURRENT_PROJECT_VERSION = 1;
				DEVELOPMENT_ASSET_PATHS = "\"CaligoApp/Preview Content\"";
				DEVELOPMENT_TEAM = 5QF464L5ZA;
				ENABLE_PREVIEWS = YES;
				GENERATE_INFOPLIST_FILE = YES;
				INFOPLIST_KEY_UIApplicationSceneManifest_Generation = YES;
				INFOPLIST_KEY_UIApplicationSupportsIndirectInputEvents = YES;
				INFOPLIST_KEY_UILaunchScreen_Generation = YES;
				INFOPLIST_KEY_UISupportedInterfaceOrientations_iPad = "UIInterfaceOrientationPortrait UIInterfaceOrientationPortraitUpsideDown UIInterfaceOrientationLandscapeLeft UIInterfaceOrientationLandscapeRight";
				INFOPLIST_KEY_UISupportedInterfaceOrientations_iPhone = "UIInterfaceOrientationPortrait UIInterfaceOrientationLandscapeLeft UIInterfaceOrientationLandscapeRight";
				LD_RUNPATH_SEARCH_PATHS = (
					"$(inherited)",
					"@executable_path/Frameworks",
				);
				MARKETING_VERSION = 1.0;
				PRODUCT_BUNDLE_IDENTIFIER = com.freddDev.CaligoApp;
				PRODUCT_NAME = "$(TARGET_NAME)";
				SWIFT_EMIT_LOC_STRINGS = YES;
				SWIFT_VERSION = 5.0;
				TARGETED_DEVICE_FAMILY = "1,2";
			};
			name = Release;
		};
/* End XCBuildConfiguration section */

/* Begin XCConfigurationList section */
		0D1C68D0299DA824001E4C79 /* Build configuration list for PBXProject "CaligoApp" */ = {
			isa = XCConfigurationList;
			buildConfigurations = (
				0D1C68E1299DA825001E4C79 /* Debug */,
				0D1C68E2299DA825001E4C79 /* Release */,
			);
			defaultConfigurationIsVisible = 0;
			defaultConfigurationName = Release;
		};
		0D1C68E3299DA825001E4C79 /* Build configuration list for PBXNativeTarget "CaligoApp" */ = {
			isa = XCConfigurationList;
			buildConfigurations = (
				0D1C68E4299DA825001E4C79 /* Debug */,
				0D1C68E5299DA825001E4C79 /* Release */,
			);
			defaultConfigurationIsVisible = 0;
			defaultConfigurationName = Release;
		};
/* End XCConfigurationList section */
	};
	rootObject = 0D1C68CD299DA824001E4C79 /* Project object */;
}
